
Microsoft Visual Studio Solution File, Format Version 12.00
# Visual Studio Version 16
VisualStudioVersion = 16.0.31019.35
MinimumVisualStudioVersion = 10.0.40219.1
Project("{9A19103F-16F7-4668-BE54-9A1E7A4F7556}") = "UniqueIdGenerator.Net", "IdGenerator.net\UniqueIdGenerator.Net.csproj", "{E34B2D34-D983-4500-B692-06D633F4C6EA}"
EndProject
Project("{9A19103F-16F7-4668-BE54-9A1E7A4F7556}") = "UniqueIdGenerator.Net.Tests", "IdGenerator.net.Tests\UniqueIdGenerator.Net.Tests.csproj", "{C1528262-91B5-4459-AD90-24F1863FC514}"
EndProject
Global
	GlobalSection(SolutionConfigurationPlatforms) = preSolution
		Debug|Any CPU = Debug|Any CPU
		Release|Any CPU = Release|Any CPU
	EndGlobalSection
	GlobalSection(ProjectConfigurationPlatforms) = postSolution
		{E34B2D34-D983-4500-B692-06D633F4C6EA}.Debug|Any CPU.ActiveCfg = Debug|Any CPU
		{E34B2D34-D983-4500-B692-06D633F4C6EA}.Debug|Any CPU.Build.0 = Debug|Any CPU
		{E34B2D34-D983-4500-B692-06D633F4C6EA}.Release|Any CPU.ActiveCfg = Release|Any CPU
		{E34B2D34-D983-4500-B692-06D633F4C6EA}.Release|Any CPU.Build.0 = Release|Any CPU
		{C1528262-91B5-4459-AD90-24F1863FC514}.Debug|Any CPU.ActiveCfg = Debug|Any CPU
		{C1528262-91B5-4459-AD90-24F1863FC514}.Debug|Any CPU.Build.0 = Debug|Any CPU
		{C1528262-91B5-4459-AD90-24F1863FC514}.Release|Any CPU.ActiveCfg = Release|Any CPU
		{C1528262-91B5-4459-AD90-24F1863FC514}.Release|Any CPU.Build.0 = Release|Any CPU
	EndGlobalSection
	GlobalSection(SolutionProperties) = preSolution
		HideSolutionNode = FALSE
	EndGlobalSection
	GlobalSection(ExtensibilityGlobals) = postSolution
		SolutionGuid = {50058541-8AF1-47EF-B9BE-BA483D2F35BC}
	EndGlobalSection
EndGlobal
